// !$*UTF8*$!
{
	archiveVersion = 1;
	classes = {
	};
	objectVersion = 50;
	objects = {

/* Begin PBXBuildFile section */
		30127D392172E41C00F6E267 /* FeedViewController.swift in Sources */ = {isa = PBXBuildFile; fileRef = 30127D382172E41C00F6E267 /* FeedViewController.swift */; };
		30127D432173E0FF00F6E267 /* DiscoverViewController.swift in Sources */ = {isa = PBXBuildFile; fileRef = 30127D422173E0FF00F6E267 /* DiscoverViewController.swift */; };
		30127D452173E67800F6E267 /* ProfileViewController.swift in Sources */ = {isa = PBXBuildFile; fileRef = 30127D442173E67800F6E267 /* ProfileViewController.swift */; };
		30127D4B2174002700F6E267 /* DiscoverTableViewCell.swift in Sources */ = {isa = PBXBuildFile; fileRef = 30127D4A2174002700F6E267 /* DiscoverTableViewCell.swift */; };
		30127D4D217403D100F6E267 /* DiscoverCollectionViewCell.swift in Sources */ = {isa = PBXBuildFile; fileRef = 30127D4C217403D100F6E267 /* DiscoverCollectionViewCell.swift */; };
		30127D4F21740AA200F6E267 /* FollowViewController.swift in Sources */ = {isa = PBXBuildFile; fileRef = 30127D4E21740AA200F6E267 /* FollowViewController.swift */; };
		30127D5121740AB600F6E267 /* FollowTableViewCell.swift in Sources */ = {isa = PBXBuildFile; fileRef = 30127D5021740AB600F6E267 /* FollowTableViewCell.swift */; };
		30127D5321758D5300F6E267 /* PostViewController.swift in Sources */ = {isa = PBXBuildFile; fileRef = 30127D5221758D5300F6E267 /* PostViewController.swift */; };
		30250C3D219374C100FBA215 /* SpotifyiOS.framework in Frameworks */ = {isa = PBXBuildFile; fileRef = 30250C3C219374C100FBA215 /* SpotifyiOS.framework */; };
		308179D421855AE600DCCC4F /* ConnectViewController.swift in Sources */ = {isa = PBXBuildFile; fileRef = 308179D321855AE600DCCC4F /* ConnectViewController.swift */; };
		308179D521855BF800DCCC4F /* TrackChanges-Bridging-Header.h in Sources */ = {isa = PBXBuildFile; fileRef = 308C8FCB2184000100D6337C /* TrackChanges-Bridging-Header.h */; };
		308179D7218FBEDD00DCCC4F /* FavoritesViewController.swift in Sources */ = {isa = PBXBuildFile; fileRef = 308179D6218FBEDD00DCCC4F /* FavoritesViewController.swift */; };
		308179D9218FBF5500DCCC4F /* FavoritesListViewController.swift in Sources */ = {isa = PBXBuildFile; fileRef = 308179D8218FBF5400DCCC4F /* FavoritesListViewController.swift */; };
		308179DB2190075D00DCCC4F /* FavoritesTableViewCell.swift in Sources */ = {isa = PBXBuildFile; fileRef = 308179DA2190075C00DCCC4F /* FavoritesTableViewCell.swift */; };
		308C8FAB217BC10100D6337C /* AlbumViewController.swift in Sources */ = {isa = PBXBuildFile; fileRef = 308C8FAA217BC10100D6337C /* AlbumViewController.swift */; };
		308C8FAD217BC12200D6337C /* SongViewController.swift in Sources */ = {isa = PBXBuildFile; fileRef = 308C8FAC217BC12200D6337C /* SongViewController.swift */; };
		308C8FAF217BC1D500D6337C /* AlbumSongTableViewCell.swift in Sources */ = {isa = PBXBuildFile; fileRef = 308C8FAE217BC1D500D6337C /* AlbumSongTableViewCell.swift */; };
		308C8FB1217BC21400D6337C /* AlbumCoverTableViewCell.swift in Sources */ = {isa = PBXBuildFile; fileRef = 308C8FB0217BC21400D6337C /* AlbumCoverTableViewCell.swift */; };
		308C8FB3217BC28300D6337C /* SearchResultsViewController.swift in Sources */ = {isa = PBXBuildFile; fileRef = 308C8FB2217BC28300D6337C /* SearchResultsViewController.swift */; };
		308C8FB5217BDC4C00D6337C /* PeopleProfileViewController.swift in Sources */ = {isa = PBXBuildFile; fileRef = 308C8FB4217BDC4C00D6337C /* PeopleProfileViewController.swift */; };
		308C8FB8217D26B300D6337C /* PeopleSearchTableViewCell.swift in Sources */ = {isa = PBXBuildFile; fileRef = 308C8FB7217D26B300D6337C /* PeopleSearchTableViewCell.swift */; };
		308C8FBA217D28D400D6337C /* AlbumSearchTableViewCell.swift in Sources */ = {isa = PBXBuildFile; fileRef = 308C8FB9217D28D400D6337C /* AlbumSearchTableViewCell.swift */; };
		308C8FBE217D29BF00D6337C /* SongSearchTableViewCell.swift in Sources */ = {isa = PBXBuildFile; fileRef = 308C8FBD217D29BF00D6337C /* SongSearchTableViewCell.swift */; };
		308C8FC42180E95500D6337C /* SearchResultsTitleTableViewCell.swift in Sources */ = {isa = PBXBuildFile; fileRef = 308C8FC32180E95500D6337C /* SearchResultsTitleTableViewCell.swift */; };
		308C8FC621814D8700D6337C /* PostTableViewCell.swift in Sources */ = {isa = PBXBuildFile; fileRef = 308C8FC521814D8700D6337C /* PostTableViewCell.swift */; };
		308C8FC82181536700D6337C /* ProfileTableViewCell.swift in Sources */ = {isa = PBXBuildFile; fileRef = 308C8FC72181536700D6337C /* ProfileTableViewCell.swift */; };
		30B3AA5721726208007CA413 /* AppDelegate.swift in Sources */ = {isa = PBXBuildFile; fileRef = 30B3AA5621726208007CA413 /* AppDelegate.swift */; };
		30B3AA5921726208007CA413 /* ViewController.swift in Sources */ = {isa = PBXBuildFile; fileRef = 30B3AA5821726208007CA413 /* ViewController.swift */; };
		30B3AA5C21726208007CA413 /* Main.storyboard in Resources */ = {isa = PBXBuildFile; fileRef = 30B3AA5A21726208007CA413 /* Main.storyboard */; };
		30B3AA5F21726208007CA413 /* TrackChanges.xcdatamodeld in Sources */ = {isa = PBXBuildFile; fileRef = 30B3AA5D21726208007CA413 /* TrackChanges.xcdatamodeld */; };
		30B3AA612172620B007CA413 /* Assets.xcassets in Resources */ = {isa = PBXBuildFile; fileRef = 30B3AA602172620B007CA413 /* Assets.xcassets */; };
		30B3AA642172620B007CA413 /* LaunchScreen.storyboard in Resources */ = {isa = PBXBuildFile; fileRef = 30B3AA622172620B007CA413 /* LaunchScreen.storyboard */; };
/* End PBXBuildFile section */

/* Begin PBXFileReference section */
		30127D382172E41C00F6E267 /* FeedViewController.swift */ = {isa = PBXFileReference; lastKnownFileType = sourcecode.swift; path = FeedViewController.swift; sourceTree = "<group>"; };
		30127D422173E0FF00F6E267 /* DiscoverViewController.swift */ = {isa = PBXFileReference; lastKnownFileType = sourcecode.swift; path = DiscoverViewController.swift; sourceTree = "<group>"; };
		30127D442173E67800F6E267 /* ProfileViewController.swift */ = {isa = PBXFileReference; lastKnownFileType = sourcecode.swift; path = ProfileViewController.swift; sourceTree = "<group>"; };
		30127D4A2174002700F6E267 /* DiscoverTableViewCell.swift */ = {isa = PBXFileReference; lastKnownFileType = sourcecode.swift; path = DiscoverTableViewCell.swift; sourceTree = "<group>"; };
		30127D4C217403D100F6E267 /* DiscoverCollectionViewCell.swift */ = {isa = PBXFileReference; lastKnownFileType = sourcecode.swift; path = DiscoverCollectionViewCell.swift; sourceTree = "<group>"; };
		30127D4E21740AA200F6E267 /* FollowViewController.swift */ = {isa = PBXFileReference; lastKnownFileType = sourcecode.swift; path = FollowViewController.swift; sourceTree = "<group>"; };
		30127D5021740AB600F6E267 /* FollowTableViewCell.swift */ = {isa = PBXFileReference; lastKnownFileType = sourcecode.swift; path = FollowTableViewCell.swift; sourceTree = "<group>"; };
		30127D5221758D5300F6E267 /* PostViewController.swift */ = {isa = PBXFileReference; lastKnownFileType = sourcecode.swift; path = PostViewController.swift; sourceTree = "<group>"; };
		30250C3C219374C100FBA215 /* SpotifyiOS.framework */ = {isa = PBXFileReference; lastKnownFileType = wrapper.framework; path = SpotifyiOS.framework; sourceTree = "<group>"; };
		308179D321855AE600DCCC4F /* ConnectViewController.swift */ = {isa = PBXFileReference; lastKnownFileType = sourcecode.swift; path = ConnectViewController.swift; sourceTree = "<group>"; };
		308179D6218FBEDD00DCCC4F /* FavoritesViewController.swift */ = {isa = PBXFileReference; lastKnownFileType = sourcecode.swift; path = FavoritesViewController.swift; sourceTree = "<group>"; };
		308179D8218FBF5400DCCC4F /* FavoritesListViewController.swift */ = {isa = PBXFileReference; lastKnownFileType = sourcecode.swift; path = FavoritesListViewController.swift; sourceTree = "<group>"; };
		308179DA2190075C00DCCC4F /* FavoritesTableViewCell.swift */ = {isa = PBXFileReference; lastKnownFileType = sourcecode.swift; path = FavoritesTableViewCell.swift; sourceTree = "<group>"; };
		308C8FAA217BC10100D6337C /* AlbumViewController.swift */ = {isa = PBXFileReference; lastKnownFileType = sourcecode.swift; path = AlbumViewController.swift; sourceTree = "<group>"; };
		308C8FAC217BC12200D6337C /* SongViewController.swift */ = {isa = PBXFileReference; lastKnownFileType = sourcecode.swift; path = SongViewController.swift; sourceTree = "<group>"; };
		308C8FAE217BC1D500D6337C /* AlbumSongTableViewCell.swift */ = {isa = PBXFileReference; lastKnownFileType = sourcecode.swift; path = AlbumSongTableViewCell.swift; sourceTree = "<group>"; };
		308C8FB0217BC21400D6337C /* AlbumCoverTableViewCell.swift */ = {isa = PBXFileReference; lastKnownFileType = sourcecode.swift; path = AlbumCoverTableViewCell.swift; sourceTree = "<group>"; };
		308C8FB2217BC28300D6337C /* SearchResultsViewController.swift */ = {isa = PBXFileReference; lastKnownFileType = sourcecode.swift; path = SearchResultsViewController.swift; sourceTree = "<group>"; };
		308C8FB4217BDC4C00D6337C /* PeopleProfileViewController.swift */ = {isa = PBXFileReference; lastKnownFileType = sourcecode.swift; path = PeopleProfileViewController.swift; sourceTree = "<group>"; };
		308C8FB7217D26B300D6337C /* PeopleSearchTableViewCell.swift */ = {isa = PBXFileReference; lastKnownFileType = sourcecode.swift; path = PeopleSearchTableViewCell.swift; sourceTree = "<group>"; };
		308C8FB9217D28D400D6337C /* AlbumSearchTableViewCell.swift */ = {isa = PBXFileReference; lastKnownFileType = sourcecode.swift; path = AlbumSearchTableViewCell.swift; sourceTree = "<group>"; };
		308C8FBD217D29BF00D6337C /* SongSearchTableViewCell.swift */ = {isa = PBXFileReference; lastKnownFileType = sourcecode.swift; path = SongSearchTableViewCell.swift; sourceTree = "<group>"; };
		308C8FC32180E95500D6337C /* SearchResultsTitleTableViewCell.swift */ = {isa = PBXFileReference; lastKnownFileType = sourcecode.swift; path = SearchResultsTitleTableViewCell.swift; sourceTree = "<group>"; };
		308C8FC521814D8700D6337C /* PostTableViewCell.swift */ = {isa = PBXFileReference; lastKnownFileType = sourcecode.swift; path = PostTableViewCell.swift; sourceTree = "<group>"; };
		308C8FC72181536700D6337C /* ProfileTableViewCell.swift */ = {isa = PBXFileReference; lastKnownFileType = sourcecode.swift; path = ProfileTableViewCell.swift; sourceTree = "<group>"; };
		308C8FCB2184000100D6337C /* TrackChanges-Bridging-Header.h */ = {isa = PBXFileReference; lastKnownFileType = sourcecode.c.h; path = "TrackChanges-Bridging-Header.h"; sourceTree = "<group>"; };
		30B3AA5321726207007CA413 /* TrackChanges.app */ = {isa = PBXFileReference; explicitFileType = wrapper.application; includeInIndex = 0; path = TrackChanges.app; sourceTree = BUILT_PRODUCTS_DIR; };
		30B3AA5621726208007CA413 /* AppDelegate.swift */ = {isa = PBXFileReference; lastKnownFileType = sourcecode.swift; path = AppDelegate.swift; sourceTree = "<group>"; };
		30B3AA5821726208007CA413 /* ViewController.swift */ = {isa = PBXFileReference; lastKnownFileType = sourcecode.swift; path = ViewController.swift; sourceTree = "<group>"; };
		30B3AA5B21726208007CA413 /* Base */ = {isa = PBXFileReference; lastKnownFileType = file.storyboard; name = Base; path = Base.lproj/Main.storyboard; sourceTree = "<group>"; };
		30B3AA5E21726208007CA413 /* TrackChanges.xcdatamodel */ = {isa = PBXFileReference; lastKnownFileType = wrapper.xcdatamodel; path = TrackChanges.xcdatamodel; sourceTree = "<group>"; };
		30B3AA602172620B007CA413 /* Assets.xcassets */ = {isa = PBXFileReference; lastKnownFileType = folder.assetcatalog; path = Assets.xcassets; sourceTree = "<group>"; };
		30B3AA632172620B007CA413 /* Base */ = {isa = PBXFileReference; lastKnownFileType = file.storyboard; name = Base; path = Base.lproj/LaunchScreen.storyboard; sourceTree = "<group>"; };
		30B3AA652172620B007CA413 /* Info.plist */ = {isa = PBXFileReference; lastKnownFileType = text.plist.xml; path = Info.plist; sourceTree = "<group>"; };
/* End PBXFileReference section */

/* Begin PBXFrameworksBuildPhase section */
		30B3AA5021726207007CA413 /* Frameworks */ = {
			isa = PBXFrameworksBuildPhase;
			buildActionMask = 2147483647;
			files = (
				30250C3D219374C100FBA215 /* SpotifyiOS.framework in Frameworks */,
			);
			runOnlyForDeploymentPostprocessing = 0;
		};
/* End PBXFrameworksBuildPhase section */

/* Begin PBXGroup section */
		308C8FC1217D2DBF00D6337C /* ViewControllers */ = {
			isa = PBXGroup;
			children = (
				308179D321855AE600DCCC4F /* ConnectViewController.swift */,
				308179D6218FBEDD00DCCC4F /* FavoritesViewController.swift */,
				308179D8218FBF5400DCCC4F /* FavoritesListViewController.swift */,
				308C8FAC217BC12200D6337C /* SongViewController.swift */,
				308C8FB4217BDC4C00D6337C /* PeopleProfileViewController.swift */,
				30127D442173E67800F6E267 /* ProfileViewController.swift */,
				308C8FB2217BC28300D6337C /* SearchResultsViewController.swift */,
				30127D382172E41C00F6E267 /* FeedViewController.swift */,
				308C8FAA217BC10100D6337C /* AlbumViewController.swift */,
				30127D422173E0FF00F6E267 /* DiscoverViewController.swift */,
				30127D4E21740AA200F6E267 /* FollowViewController.swift */,
				30127D5221758D5300F6E267 /* PostViewController.swift */,
			);
			path = ViewControllers;
			sourceTree = "<group>";
		};
		308C8FC2217D2DF600D6337C /* Prototype Cells */ = {
			isa = PBXGroup;
			children = (
				308179DA2190075C00DCCC4F /* FavoritesTableViewCell.swift */,
				308C8FC72181536700D6337C /* ProfileTableViewCell.swift */,
				308C8FC521814D8700D6337C /* PostTableViewCell.swift */,
				30127D5021740AB600F6E267 /* FollowTableViewCell.swift */,
				308C8FC32180E95500D6337C /* SearchResultsTitleTableViewCell.swift */,
				308C8FB9217D28D400D6337C /* AlbumSearchTableViewCell.swift */,
				308C8FBD217D29BF00D6337C /* SongSearchTableViewCell.swift */,
				308C8FB7217D26B300D6337C /* PeopleSearchTableViewCell.swift */,
				308C8FB0217BC21400D6337C /* AlbumCoverTableViewCell.swift */,
				308C8FAE217BC1D500D6337C /* AlbumSongTableViewCell.swift */,
				30127D4A2174002700F6E267 /* DiscoverTableViewCell.swift */,
				30127D4C217403D100F6E267 /* DiscoverCollectionViewCell.swift */,
			);
			path = "Prototype Cells";
			sourceTree = "<group>";
		};
		30B3AA4A21726207007CA413 = {
			isa = PBXGroup;
			children = (
				308C8FCB2184000100D6337C /* TrackChanges-Bridging-Header.h */,
				30B3AA5521726207007CA413 /* TrackChanges */,
				30B3AA5421726207007CA413 /* Products */,
				30250C3C219374C100FBA215 /* SpotifyiOS.framework */,
			);
			sourceTree = "<group>";
		};
		30B3AA5421726207007CA413 /* Products */ = {
			isa = PBXGroup;
			children = (
				30B3AA5321726207007CA413 /* TrackChanges.app */,
			);
			name = Products;
			sourceTree = "<group>";
		};
		30B3AA5521726207007CA413 /* TrackChanges */ = {
			isa = PBXGroup;
			children = (
				30B3AA5621726208007CA413 /* AppDelegate.swift */,
				30B3AA5821726208007CA413 /* ViewController.swift */,
				30B3AA5A21726208007CA413 /* Main.storyboard */,
				308C8FC2217D2DF600D6337C /* Prototype Cells */,
				308C8FC1217D2DBF00D6337C /* ViewControllers */,
				30B3AA602172620B007CA413 /* Assets.xcassets */,
				30B3AA622172620B007CA413 /* LaunchScreen.storyboard */,
				30B3AA652172620B007CA413 /* Info.plist */,
				30B3AA5D21726208007CA413 /* TrackChanges.xcdatamodeld */,
			);
			path = TrackChanges;
			sourceTree = "<group>";
		};
/* End PBXGroup section */

/* Begin PBXNativeTarget section */
		30B3AA5221726207007CA413 /* TrackChanges */ = {
			isa = PBXNativeTarget;
			buildConfigurationList = 30B3AA682172620B007CA413 /* Build configuration list for PBXNativeTarget "TrackChanges" */;
			buildPhases = (
				30B3AA4F21726207007CA413 /* Sources */,
				30B3AA5021726207007CA413 /* Frameworks */,
				30B3AA5121726207007CA413 /* Resources */,
			);
			buildRules = (
			);
			dependencies = (
			);
			name = TrackChanges;
			productName = TrackChanges;
			productReference = 30B3AA5321726207007CA413 /* TrackChanges.app */;
			productType = "com.apple.product-type.application";
		};
/* End PBXNativeTarget section */

/* Begin PBXProject section */
		30B3AA4B21726207007CA413 /* Project object */ = {
			isa = PBXProject;
			attributes = {
				LastSwiftUpdateCheck = 0940;
				LastUpgradeCheck = 0940;
				ORGANIZATIONNAME = TrackChanges;
				TargetAttributes = {
					30B3AA5221726207007CA413 = {
						CreatedOnToolsVersion = 9.4.1;
						SystemCapabilities = {
							com.apple.BackgroundModes = {
								enabled = 1;
							};
						};
					};
				};
			};
			buildConfigurationList = 30B3AA4E21726207007CA413 /* Build configuration list for PBXProject "TrackChanges" */;
			compatibilityVersion = "Xcode 9.3";
			developmentRegion = en;
			hasScannedForEncodings = 0;
			knownRegions = (
				en,
				Base,
			);
			mainGroup = 30B3AA4A21726207007CA413;
			productRefGroup = 30B3AA5421726207007CA413 /* Products */;
			projectDirPath = "";
			projectRoot = "";
			targets = (
				30B3AA5221726207007CA413 /* TrackChanges */,
			);
		};
/* End PBXProject section */

/* Begin PBXResourcesBuildPhase section */
		30B3AA5121726207007CA413 /* Resources */ = {
			isa = PBXResourcesBuildPhase;
			buildActionMask = 2147483647;
			files = (
				30B3AA642172620B007CA413 /* LaunchScreen.storyboard in Resources */,
				30B3AA612172620B007CA413 /* Assets.xcassets in Resources */,
				30B3AA5C21726208007CA413 /* Main.storyboard in Resources */,
			);
			runOnlyForDeploymentPostprocessing = 0;
		};
/* End PBXResourcesBuildPhase section */

/* Begin PBXSourcesBuildPhase section */
		30B3AA4F21726207007CA413 /* Sources */ = {
			isa = PBXSourcesBuildPhase;
			buildActionMask = 2147483647;
			files = (
				308179D7218FBEDD00DCCC4F /* FavoritesViewController.swift in Sources */,
				308179D521855BF800DCCC4F /* TrackChanges-Bridging-Header.h in Sources */,
				30127D4F21740AA200F6E267 /* FollowViewController.swift in Sources */,
				30B3AA5921726208007CA413 /* ViewController.swift in Sources */,
				308C8FAF217BC1D500D6337C /* AlbumSongTableViewCell.swift in Sources */,
				30B3AA5721726208007CA413 /* AppDelegate.swift in Sources */,
				308C8FBE217D29BF00D6337C /* SongSearchTableViewCell.swift in Sources */,
				308C8FC42180E95500D6337C /* SearchResultsTitleTableViewCell.swift in Sources */,
				308C8FB8217D26B300D6337C /* PeopleSearchTableViewCell.swift in Sources */,
				30127D5321758D5300F6E267 /* PostViewController.swift in Sources */,
				30127D4B2174002700F6E267 /* DiscoverTableViewCell.swift in Sources */,
				308C8FC82181536700D6337C /* ProfileTableViewCell.swift in Sources */,
				30127D4D217403D100F6E267 /* DiscoverCollectionViewCell.swift in Sources */,
				308179DB2190075D00DCCC4F /* FavoritesTableViewCell.swift in Sources */,
				308C8FB3217BC28300D6337C /* SearchResultsViewController.swift in Sources */,
				308C8FAB217BC10100D6337C /* AlbumViewController.swift in Sources */,
				308C8FBA217D28D400D6337C /* AlbumSearchTableViewCell.swift in Sources */,
				30127D432173E0FF00F6E267 /* DiscoverViewController.swift in Sources */,
				308179D421855AE600DCCC4F /* ConnectViewController.swift in Sources */,
				308C8FC621814D8700D6337C /* PostTableViewCell.swift in Sources */,
				30127D452173E67800F6E267 /* ProfileViewController.swift in Sources */,
				308C8FB1217BC21400D6337C /* AlbumCoverTableViewCell.swift in Sources */,
				308179D9218FBF5500DCCC4F /* FavoritesListViewController.swift in Sources */,
				30127D392172E41C00F6E267 /* FeedViewController.swift in Sources */,
				308C8FB5217BDC4C00D6337C /* PeopleProfileViewController.swift in Sources */,
				308C8FAD217BC12200D6337C /* SongViewController.swift in Sources */,
				30127D5121740AB600F6E267 /* FollowTableViewCell.swift in Sources */,
				30B3AA5F21726208007CA413 /* TrackChanges.xcdatamodeld in Sources */,
			);
			runOnlyForDeploymentPostprocessing = 0;
		};
/* End PBXSourcesBuildPhase section */

/* Begin PBXVariantGroup section */
		30B3AA5A21726208007CA413 /* Main.storyboard */ = {
			isa = PBXVariantGroup;
			children = (
				30B3AA5B21726208007CA413 /* Base */,
			);
			name = Main.storyboard;
			sourceTree = "<group>";
		};
		30B3AA622172620B007CA413 /* LaunchScreen.storyboard */ = {
			isa = PBXVariantGroup;
			children = (
				30B3AA632172620B007CA413 /* Base */,
			);
			name = LaunchScreen.storyboard;
			sourceTree = "<group>";
		};
/* End PBXVariantGroup section */

/* Begin XCBuildConfiguration section */
		30B3AA662172620B007CA413 /* Debug */ = {
			isa = XCBuildConfiguration;
			buildSettings = {
				ALWAYS_SEARCH_USER_PATHS = NO;
				CLANG_ANALYZER_NONNULL = YES;
				CLANG_ANALYZER_NUMBER_OBJECT_CONVERSION = YES_AGGRESSIVE;
				CLANG_CXX_LANGUAGE_STANDARD = "gnu++14";
				CLANG_CXX_LIBRARY = "libc++";
				CLANG_ENABLE_MODULES = YES;
				CLANG_ENABLE_OBJC_ARC = YES;
				CLANG_ENABLE_OBJC_WEAK = YES;
				CLANG_WARN_BLOCK_CAPTURE_AUTORELEASING = YES;
				CLANG_WARN_BOOL_CONVERSION = YES;
				CLANG_WARN_COMMA = YES;
				CLANG_WARN_CONSTANT_CONVERSION = YES;
				CLANG_WARN_DEPRECATED_OBJC_IMPLEMENTATIONS = YES;
				CLANG_WARN_DIRECT_OBJC_ISA_USAGE = YES_ERROR;
				CLANG_WARN_DOCUMENTATION_COMMENTS = YES;
				CLANG_WARN_EMPTY_BODY = YES;
				CLANG_WARN_ENUM_CONVERSION = YES;
				CLANG_WARN_INFINITE_RECURSION = YES;
				CLANG_WARN_INT_CONVERSION = YES;
				CLANG_WARN_NON_LITERAL_NULL_CONVERSION = YES;
				CLANG_WARN_OBJC_IMPLICIT_RETAIN_SELF = YES;
				CLANG_WARN_OBJC_LITERAL_CONVERSION = YES;
				CLANG_WARN_OBJC_ROOT_CLASS = YES_ERROR;
				CLANG_WARN_RANGE_LOOP_ANALYSIS = YES;
				CLANG_WARN_STRICT_PROTOTYPES = YES;
				CLANG_WARN_SUSPICIOUS_MOVE = YES;
				CLANG_WARN_UNGUARDED_AVAILABILITY = YES_AGGRESSIVE;
				CLANG_WARN_UNREACHABLE_CODE = YES;
				CLANG_WARN__DUPLICATE_METHOD_MATCH = YES;
				CODE_SIGN_IDENTITY = "iPhone Developer";
				COPY_PHASE_STRIP = NO;
				DEBUG_INFORMATION_FORMAT = dwarf;
				ENABLE_STRICT_OBJC_MSGSEND = YES;
				ENABLE_TESTABILITY = YES;
				GCC_C_LANGUAGE_STANDARD = gnu11;
				GCC_DYNAMIC_NO_PIC = NO;
				GCC_NO_COMMON_BLOCKS = YES;
				GCC_OPTIMIZATION_LEVEL = 0;
				GCC_PREPROCESSOR_DEFINITIONS = (
					"DEBUG=1",
					"$(inherited)",
				);
				GCC_WARN_64_TO_32_BIT_CONVERSION = YES;
				GCC_WARN_ABOUT_RETURN_TYPE = YES_ERROR;
				GCC_WARN_UNDECLARED_SELECTOR = YES;
				GCC_WARN_UNINITIALIZED_AUTOS = YES_AGGRESSIVE;
				GCC_WARN_UNUSED_FUNCTION = YES;
				GCC_WARN_UNUSED_VARIABLE = YES;
				IPHONEOS_DEPLOYMENT_TARGET = 11.4;
				MTL_ENABLE_DEBUG_INFO = YES;
				ONLY_ACTIVE_ARCH = YES;
				SDKROOT = iphoneos;
				SWIFT_ACTIVE_COMPILATION_CONDITIONS = DEBUG;
				SWIFT_OPTIMIZATION_LEVEL = "-Onone";
			};
			name = Debug;
		};
		30B3AA672172620B007CA413 /* Release */ = {
			isa = XCBuildConfiguration;
			buildSettings = {
				ALWAYS_SEARCH_USER_PATHS = NO;
				CLANG_ANALYZER_NONNULL = YES;
				CLANG_ANALYZER_NUMBER_OBJECT_CONVERSION = YES_AGGRESSIVE;
				CLANG_CXX_LANGUAGE_STANDARD = "gnu++14";
				CLANG_CXX_LIBRARY = "libc++";
				CLANG_ENABLE_MODULES = YES;
				CLANG_ENABLE_OBJC_ARC = YES;
				CLANG_ENABLE_OBJC_WEAK = YES;
				CLANG_WARN_BLOCK_CAPTURE_AUTORELEASING = YES;
				CLANG_WARN_BOOL_CONVERSION = YES;
				CLANG_WARN_COMMA = YES;
				CLANG_WARN_CONSTANT_CONVERSION = YES;
				CLANG_WARN_DEPRECATED_OBJC_IMPLEMENTATIONS = YES;
				CLANG_WARN_DIRECT_OBJC_ISA_USAGE = YES_ERROR;
				CLANG_WARN_DOCUMENTATION_COMMENTS = YES;
				CLANG_WARN_EMPTY_BODY = YES;
				CLANG_WARN_ENUM_CONVERSION = YES;
				CLANG_WARN_INFINITE_RECURSION = YES;
				CLANG_WARN_INT_CONVERSION = YES;
				CLANG_WARN_NON_LITERAL_NULL_CONVERSION = YES;
				CLANG_WARN_OBJC_IMPLICIT_RETAIN_SELF = YES;
				CLANG_WARN_OBJC_LITERAL_CONVERSION = YES;
				CLANG_WARN_OBJC_ROOT_CLASS = YES_ERROR;
				CLANG_WARN_RANGE_LOOP_ANALYSIS = YES;
				CLANG_WARN_STRICT_PROTOTYPES = YES;
				CLANG_WARN_SUSPICIOUS_MOVE = YES;
				CLANG_WARN_UNGUARDED_AVAILABILITY = YES_AGGRESSIVE;
				CLANG_WARN_UNREACHABLE_CODE = YES;
				CLANG_WARN__DUPLICATE_METHOD_MATCH = YES;
				CODE_SIGN_IDENTITY = "iPhone Developer";
				COPY_PHASE_STRIP = NO;
				DEBUG_INFORMATION_FORMAT = "dwarf-with-dsym";
				ENABLE_NS_ASSERTIONS = NO;
				ENABLE_STRICT_OBJC_MSGSEND = YES;
				GCC_C_LANGUAGE_STANDARD = gnu11;
				GCC_NO_COMMON_BLOCKS = YES;
				GCC_WARN_64_TO_32_BIT_CONVERSION = YES;
				GCC_WARN_ABOUT_RETURN_TYPE = YES_ERROR;
				GCC_WARN_UNDECLARED_SELECTOR = YES;
				GCC_WARN_UNINITIALIZED_AUTOS = YES_AGGRESSIVE;
				GCC_WARN_UNUSED_FUNCTION = YES;
				GCC_WARN_UNUSED_VARIABLE = YES;
				IPHONEOS_DEPLOYMENT_TARGET = 11.4;
				MTL_ENABLE_DEBUG_INFO = NO;
				SDKROOT = iphoneos;
				SWIFT_COMPILATION_MODE = wholemodule;
				SWIFT_OPTIMIZATION_LEVEL = "-O";
				VALIDATE_PRODUCT = YES;
			};
			name = Release;
		};
		30B3AA692172620B007CA413 /* Debug */ = {
			isa = XCBuildConfiguration;
			buildSettings = {
				ASSETCATALOG_COMPILER_APPICON_NAME = AppIcon;
				CODE_SIGN_STYLE = Automatic;
				DEVELOPMENT_TEAM = 6Q2VM9786B;
				FRAMEWORK_SEARCH_PATHS = (
					"$(inherited)",
					"$(PROJECT_DIR)",
				);
				INFOPLIST_FILE = TrackChanges/Info.plist;
				IPHONEOS_DEPLOYMENT_TARGET = 11.0;
				LD_RUNPATH_SEARCH_PATHS = (
					"$(inherited)",
					"@executable_path/Frameworks",
				);
				OTHER_LDFLAGS = "-ObjC";
				PRODUCT_BUNDLE_IDENTIFIER = com.trackchanges.TrackChanges;
				PRODUCT_NAME = "$(TARGET_NAME)";
				SWIFT_OBJC_BRIDGING_HEADER = "TrackChanges-Bridging-Header.h";
				SWIFT_VERSION = 4.0;
				TARGETED_DEVICE_FAMILY = "1,2";
			};
			name = Debug;
		};
		30B3AA6A2172620B007CA413 /* Release */ = {
			isa = XCBuildConfiguration;
			buildSettings = {
				ASSETCATALOG_COMPILER_APPICON_NAME = AppIcon;
				CODE_SIGN_STYLE = Automatic;
				DEVELOPMENT_TEAM = 6Q2VM9786B;
				FRAMEWORK_SEARCH_PATHS = (
					"$(inherited)",
					"$(PROJECT_DIR)",
				);
				INFOPLIST_FILE = TrackChanges/Info.plist;
				IPHONEOS_DEPLOYMENT_TARGET = 11.0;
				LD_RUNPATH_SEARCH_PATHS = (
					"$(inherited)",
					"@executable_path/Frameworks",
				);
				OTHER_LDFLAGS = "-ObjC";
				PRODUCT_BUNDLE_IDENTIFIER = com.trackchanges.TrackChanges;
				PRODUCT_NAME = "$(TARGET_NAME)";
				SWIFT_OBJC_BRIDGING_HEADER = "TrackChanges-Bridging-Header.h";
				SWIFT_VERSION = 4.0;
				TARGETED_DEVICE_FAMILY = "1,2";
			};
			name = Release;
		};
/* End XCBuildConfiguration section */

/* Begin XCConfigurationList section */
		30B3AA4E21726207007CA413 /* Build configuration list for PBXProject "TrackChanges" */ = {
			isa = XCConfigurationList;
			buildConfigurations = (
				30B3AA662172620B007CA413 /* Debug */,
				30B3AA672172620B007CA413 /* Release */,
			);
			defaultConfigurationIsVisible = 0;
			defaultConfigurationName = Release;
		};
		30B3AA682172620B007CA413 /* Build configuration list for PBXNativeTarget "TrackChanges" */ = {
			isa = XCConfigurationList;
			buildConfigurations = (
				30B3AA692172620B007CA413 /* Debug */,
				30B3AA6A2172620B007CA413 /* Release */,
			);
			defaultConfigurationIsVisible = 0;
			defaultConfigurationName = Release;
		};
/* End XCConfigurationList section */

/* Begin XCVersionGroup section */
		30B3AA5D21726208007CA413 /* TrackChanges.xcdatamodeld */ = {
			isa = XCVersionGroup;
			children = (
				30B3AA5E21726208007CA413 /* TrackChanges.xcdatamodel */,
			);
			currentVersion = 30B3AA5E21726208007CA413 /* TrackChanges.xcdatamodel */;
			path = TrackChanges.xcdatamodeld;
			sourceTree = "<group>";
			versionGroupType = wrapper.xcdatamodel;
		};
/* End XCVersionGroup section */
	};
	rootObject = 30B3AA4B21726207007CA413 /* Project object */;
}
